version = 1
revision = 3
requires-python = ">=3.13"

[[package]]
name = "deye-exporter"
version = "0.0.1"
source = { virtual = "." }
dependencies = [
    { name = "deye-inverter-mqtt" },
]

[package.metadata]
requires-dist = [{ name = "deye-inverter-mqtt", directory = "deye-inverter-mqtt" }]

[[package]]
name = "deye-inverter-mqtt"
version = "2026.4.1"
source = { directory = "deye-inverter-mqtt" }
dependencies = [
    { name = "libscrc" },
    { name = "paho-mqtt" },
    { name = "python-dotenv" },
    { name = "tzdata" },
]

[package.metadata]
requires-dist = [
    { name = "libscrc", specifier = "==1.8.1" },
    { name = "paho-mqtt", specifier = "==1.6.1" },
    { name = "python-dotenv", specifier = ">=1.2.1" },
    { name = "tzdata", specifier = ">=2025.3" },
]

[package.metadata.requires-dev]
dev = [
    { name = "black", extras = ["d"], specifier = ">=23.1.0" },
    { name = "flake8", specifier = ">=6.0.0" },
    { name = "flake8-pyproject", specifier = ">=1.2.3" },
    { name = "pre-commit", specifier = ">=3.2.0" },
    { name = "pytest", specifier = ">=7.2.2" },
    { name = "pytest-cov", specifier = ">=4.1.0" },
    { name = "pytest-mock" },
]

[[package]]
name = "libscrc"
version = "1.8.1"
source = { registry = "https://pypi.org/simple" }
dependencies = [
    { name = "wheel" },
]
sdist = { url = "https://files.pythonhosted.org/packages/c4/13/29a83d079607968de022555099a9de94d7428336afa6b8ec516e27c26a7a/libscrc-1.8.1.tar.gz", hash = "sha256:d7ba6bf23cfdeb3b729d0ad3795f6c6f97d8ea4155252e3ca9f14758702ba7c8", size = 41654, upload-time = "2022-08-18T15:23:57.752Z" }

[[package]]
name = "packaging"
version = "26.2"
source = { registry = "https://pypi.org/simple" }
sdist = { url = "https://files.pythonhosted.org/packages/d7/f1/e7a6dd94a8d4a5626c03e4e99c87f241ba9e350cd9e6d75123f992427270/packaging-26.2.tar.gz", hash = "sha256:ff452ff5a3e828ce110190feff1178bb1f2ea2281fa2075aadb987c2fb221661", size = 228134, upload-time = "2026-04-24T20:15:23.917Z" }
wheels = [
    { url = "https://files.pythonhosted.org/packages/df/b2/87e62e8c3e2f4b32e5fe99e0b86d576da1312593b39f47d8ceef365e95ed/packaging-26.2-py3-none-any.whl", hash = "sha256:5fc45236b9446107ff2415ce77c807cee2862cb6fac22b8a73826d0693b0980e", size = 100195, upload-time = "2026-04-24T20:15:22.081Z" },
]

[[package]]
name = "paho-mqtt"
version = "1.6.1"
source = { registry = "https://pypi.org/simple" }
sdist = { url = "https://files.pythonhosted.org/packages/f8/dd/4b75dcba025f8647bc9862ac17299e0d7d12d3beadbf026d8c8d74215c12/paho-mqtt-1.6.1.tar.gz", hash = "sha256:2a8291c81623aec00372b5a85558a372c747cbca8e9934dfe218638b8eefc26f", size = 99373, upload-time = "2021-10-21T10:33:59.864Z" }

[[package]]
name = "python-dotenv"
version = "1.2.2"
source = { registry = "https://pypi.org/simple" }
sdist = { url = "https://files.pythonhosted.org/packages/82/ed/0301aeeac3e5353ef3d94b6ec08bbcabd04a72018415dcb29e588514bba8/python_dotenv-1.2.2.tar.gz", hash = "sha256:2c371a91fbd7ba082c2c1dc1f8bf89ca22564a087c2c287cd9b662adde799cf3", size = 50135, upload-time = "2026-03-01T16:00:26.196Z" }
wheels = [
    { url = "https://files.pythonhosted.org/packages/0b/d7/1959b9648791274998a9c3526f6d0ec8fd2233e4d4acce81bbae76b44b2a/python_dotenv-1.2.2-py3-none-any.whl", hash = "sha256:1d8214789a24de455a8b8bd8ae6fe3c6b69a5e3d64aa8a8e5d68e694bbcb285a", size = 22101, upload-time = "2026-03-01T16:00:25.09Z" },
]

[[package]]
name = "tzdata"
version = "2026.2"
source = { registry = "https://pypi.org/simple" }
sdist = { url = "https://files.pythonhosted.org/packages/ba/19/1b9b0e29f30c6d35cb345486df41110984ea67ae69dddbc0e8a100999493/tzdata-2026.2.tar.gz", hash = "sha256:9173fde7d80d9018e02a662e168e5a2d04f87c41ea174b139fbef642eda62d10", size = 198254, upload-time = "2026-04-24T15:22:08.651Z" }
wheels = [
    { url = "https://files.pythonhosted.org/packages/ce/e4/dccd7f47c4b64213ac01ef921a1337ee6e30e8c6466046018326977efd95/tzdata-2026.2-py2.py3-none-any.whl", hash = "sha256:bbe9af844f658da81a5f95019480da3a89415801f6cc966806612cc7169bffe7", size = 349321, upload-time = "2026-04-24T15:22:05.876Z" },
]

[[package]]
name = "wheel"
version = "0.47.0"
source = { registry = "https://pypi.org/simple" }
dependencies = [
    { name = "packaging" },
]
sdist = { url = "https://files.pythonhosted.org/packages/39/62/75f18a0f03b4219c456652c7780e4d749b929eb605c098ce3a5b6b6bc081/wheel-0.47.0.tar.gz", hash = "sha256:cc72bd1009ba0cf63922e28f94d9d83b920aa2bb28f798a31d0691b02fa3c9b3", size = 63854, upload-time = "2026-04-22T15:51:27.727Z" }
wheels = [
    { url = "https://files.pythonhosted.org/packages/87/1b/9e33c09813d65e248f7f773119148a612516a4bea93e9c6f545f78455b7c/wheel-0.47.0-py3-none-any.whl", hash = "sha256:212281cab4dff978f6cedd499cd893e1f620791ca6ff7107cf270781e587eced", size = 32218, upload-time = "2026-04-22T15:51:26.296Z" },
]
